{
  "name": "sherlock-commons",
  "version": "1.0.0",
  "lockfileVersion": 2,
  "requires": true,
  "packages": {
    "": {
      "name": "sherlock-commons",
      "version": "1.0.0",
      "license": "ISC",
      "dependencies": {
        "typescript-array-utils": "^0.1.4"
      }
    },
    "node_modules/typescript-array-utils": {
      "version": "0.1.4",
      "resolved": "https://registry.npmjs.org/typescript-array-utils/-/typescript-array-utils-0.1.4.tgz",
      "integrity": "sha512-z2QuI8HuTBW4ClrfbMzarOFAUJUoTlkWx9jAZ51BNHg1wY+hqjxY62Q63wAOcvNAfegVpXH0EWOMGO2Q/o9CCA=="
    }
  },
  "dependencies": {
    "typescript-array-utils": {
      "version": "0.1.4",
      "resolved": "https://registry.npmjs.org/typescript-array-utils/-/typescript-array-utils-0.1.4.tgz",
      "integrity": "sha512-z2QuI8HuTBW4ClrfbMzarOFAUJUoTlkWx9jAZ51BNHg1wY+hqjxY62Q63wAOcvNAfegVpXH0EWOMGO2Q/o9CCA=="
    }
  }
}
